
Microsoft Visual Studio Solution File, Format Version 12.00
# Visual Studio Version 16
VisualStudioVersion = 16.0.30114.105
MinimumVisualStudioVersion = 10.0.40219.1
Project("{2150E333-8FDC-42A3-9474-1A3956D46DE8}") = "LinkedList", "LinkedList", "{19FFB416-0267-4848-849A-DFF2514FCF3B}"
EndProject
Project("{FAE04EC0-301F-11D3-BF4B-00C04F79EFBC}") = "Creation", "LinkedList\Creation\Creation.csproj", "{AE8D1363-EDF2-437D-8A2F-088530566305}"
EndProject
Project("{FAE04EC0-301F-11D3-BF4B-00C04F79EFBC}") = "DynamicCreation", "LinkedList\DynamicCreation\DynamicCreation.csproj", "{DD98C183-23F4-4D51-9039-35B952AF96E1}"
EndProject
Project("{FAE04EC0-301F-11D3-BF4B-00C04F79EFBC}") = "PrintReverseRecursion", "LinkedList\PrintReverseRecursion\PrintReverseRecursion.csproj", "{AC75BF2C-2282-4BA8-8C79-D9C5BE5BE6C3}"
EndProject
Project("{FAE04EC0-301F-11D3-BF4B-00C04F79EFBC}") = "Reverse", "LinkedList\Reverse\Reverse.csproj", "{0477020A-DF93-4E4D-B577-4C7A6A4C0DC3}"
EndProject
Project("{2150E333-8FDC-42A3-9474-1A3956D46DE8}") = "Tree", "Tree", "{FFD6E649-B987-4145-946D-FE8C94026414}"
EndProject
Project("{FAE04EC0-301F-11D3-BF4B-00C04F79EFBC}") = "CreationTraversal", "Tree\CreationTraversal\CreationTraversal.csproj", "{4A8FDD65-F886-4982-A912-BC3184264E6F}"
EndProject
Project("{FAE04EC0-301F-11D3-BF4B-00C04F79EFBC}") = "DFS", "Tree\DFS\DFS.csproj", "{60936766-C2F1-4669-B869-E85CE9889820}"
EndProject
Global
	GlobalSection(SolutionConfigurationPlatforms) = preSolution
		Debug|Any CPU = Debug|Any CPU
		Debug|x64 = Debug|x64
		Debug|x86 = Debug|x86
		Release|Any CPU = Release|Any CPU
		Release|x64 = Release|x64
		Release|x86 = Release|x86
	EndGlobalSection
	GlobalSection(SolutionProperties) = preSolution
		HideSolutionNode = FALSE
	EndGlobalSection
	GlobalSection(ProjectConfigurationPlatforms) = postSolution
		{AE8D1363-EDF2-437D-8A2F-088530566305}.Debug|Any CPU.ActiveCfg = Debug|Any CPU
		{AE8D1363-EDF2-437D-8A2F-088530566305}.Debug|Any CPU.Build.0 = Debug|Any CPU
		{AE8D1363-EDF2-437D-8A2F-088530566305}.Debug|x64.ActiveCfg = Debug|Any CPU
		{AE8D1363-EDF2-437D-8A2F-088530566305}.Debug|x64.Build.0 = Debug|Any CPU
		{AE8D1363-EDF2-437D-8A2F-088530566305}.Debug|x86.ActiveCfg = Debug|Any CPU
		{AE8D1363-EDF2-437D-8A2F-088530566305}.Debug|x86.Build.0 = Debug|Any CPU
		{AE8D1363-EDF2-437D-8A2F-088530566305}.Release|Any CPU.ActiveCfg = Release|Any CPU
		{AE8D1363-EDF2-437D-8A2F-088530566305}.Release|Any CPU.Build.0 = Release|Any CPU
		{AE8D1363-EDF2-437D-8A2F-088530566305}.Release|x64.ActiveCfg = Release|Any CPU
		{AE8D1363-EDF2-437D-8A2F-088530566305}.Release|x64.Build.0 = Release|Any CPU
		{AE8D1363-EDF2-437D-8A2F-088530566305}.Release|x86.ActiveCfg = Release|Any CPU
		{AE8D1363-EDF2-437D-8A2F-088530566305}.Release|x86.Build.0 = Release|Any CPU
		{DD98C183-23F4-4D51-9039-35B952AF96E1}.Debug|Any CPU.ActiveCfg = Debug|Any CPU
		{DD98C183-23F4-4D51-9039-35B952AF96E1}.Debug|Any CPU.Build.0 = Debug|Any CPU
		{DD98C183-23F4-4D51-9039-35B952AF96E1}.Debug|x64.ActiveCfg = Debug|Any CPU
		{DD98C183-23F4-4D51-9039-35B952AF96E1}.Debug|x64.Build.0 = Debug|Any CPU
		{DD98C183-23F4-4D51-9039-35B952AF96E1}.Debug|x86.ActiveCfg = Debug|Any CPU
		{DD98C183-23F4-4D51-9039-35B952AF96E1}.Debug|x86.Build.0 = Debug|Any CPU
		{DD98C183-23F4-4D51-9039-35B952AF96E1}.Release|Any CPU.ActiveCfg = Release|Any CPU
		{DD98C183-23F4-4D51-9039-35B952AF96E1}.Release|Any CPU.Build.0 = Release|Any CPU
		{DD98C183-23F4-4D51-9039-35B952AF96E1}.Release|x64.ActiveCfg = Release|Any CPU
		{DD98C183-23F4-4D51-9039-35B952AF96E1}.Release|x64.Build.0 = Release|Any CPU
		{DD98C183-23F4-4D51-9039-35B952AF96E1}.Release|x86.ActiveCfg = Release|Any CPU
		{DD98C183-23F4-4D51-9039-35B952AF96E1}.Release|x86.Build.0 = Release|Any CPU
		{AC75BF2C-2282-4BA8-8C79-D9C5BE5BE6C3}.Debug|Any CPU.ActiveCfg = Debug|Any CPU
		{AC75BF2C-2282-4BA8-8C79-D9C5BE5BE6C3}.Debug|Any CPU.Build.0 = Debug|Any CPU
		{AC75BF2C-2282-4BA8-8C79-D9C5BE5BE6C3}.Debug|x64.ActiveCfg = Debug|Any CPU
		{AC75BF2C-2282-4BA8-8C79-D9C5BE5BE6C3}.Debug|x64.Build.0 = Debug|Any CPU
		{AC75BF2C-2282-4BA8-8C79-D9C5BE5BE6C3}.Debug|x86.ActiveCfg = Debug|Any CPU
		{AC75BF2C-2282-4BA8-8C79-D9C5BE5BE6C3}.Debug|x86.Build.0 = Debug|Any CPU
		{AC75BF2C-2282-4BA8-8C79-D9C5BE5BE6C3}.Release|Any CPU.ActiveCfg = Release|Any CPU
		{AC75BF2C-2282-4BA8-8C79-D9C5BE5BE6C3}.Release|Any CPU.Build.0 = Release|Any CPU
		{AC75BF2C-2282-4BA8-8C79-D9C5BE5BE6C3}.Release|x64.ActiveCfg = Release|Any CPU
		{AC75BF2C-2282-4BA8-8C79-D9C5BE5BE6C3}.Release|x64.Build.0 = Release|Any CPU
		{AC75BF2C-2282-4BA8-8C79-D9C5BE5BE6C3}.Release|x86.ActiveCfg = Release|Any CPU
		{AC75BF2C-2282-4BA8-8C79-D9C5BE5BE6C3}.Release|x86.Build.0 = Release|Any CPU
		{0477020A-DF93-4E4D-B577-4C7A6A4C0DC3}.Debug|Any CPU.ActiveCfg = Debug|Any CPU
		{0477020A-DF93-4E4D-B577-4C7A6A4C0DC3}.Debug|Any CPU.Build.0 = Debug|Any CPU
		{0477020A-DF93-4E4D-B577-4C7A6A4C0DC3}.Debug|x64.ActiveCfg = Debug|Any CPU
		{0477020A-DF93-4E4D-B577-4C7A6A4C0DC3}.Debug|x64.Build.0 = Debug|Any CPU
		{0477020A-DF93-4E4D-B577-4C7A6A4C0DC3}.Debug|x86.ActiveCfg = Debug|Any CPU
		{0477020A-DF93-4E4D-B577-4C7A6A4C0DC3}.Debug|x86.Build.0 = Debug|Any CPU
		{0477020A-DF93-4E4D-B577-4C7A6A4C0DC3}.Release|Any CPU.ActiveCfg = Release|Any CPU
		{0477020A-DF93-4E4D-B577-4C7A6A4C0DC3}.Release|Any CPU.Build.0 = Release|Any CPU
		{0477020A-DF93-4E4D-B577-4C7A6A4C0DC3}.Release|x64.ActiveCfg = Release|Any CPU
		{0477020A-DF93-4E4D-B577-4C7A6A4C0DC3}.Release|x64.Build.0 = Release|Any CPU
		{0477020A-DF93-4E4D-B577-4C7A6A4C0DC3}.Release|x86.ActiveCfg = Release|Any CPU
		{0477020A-DF93-4E4D-B577-4C7A6A4C0DC3}.Release|x86.Build.0 = Release|Any CPU
		{4A8FDD65-F886-4982-A912-BC3184264E6F}.Debug|Any CPU.ActiveCfg = Debug|Any CPU
		{4A8FDD65-F886-4982-A912-BC3184264E6F}.Debug|Any CPU.Build.0 = Debug|Any CPU
		{4A8FDD65-F886-4982-A912-BC3184264E6F}.Debug|x64.ActiveCfg = Debug|Any CPU
		{4A8FDD65-F886-4982-A912-BC3184264E6F}.Debug|x64.Build.0 = Debug|Any CPU
		{4A8FDD65-F886-4982-A912-BC3184264E6F}.Debug|x86.ActiveCfg = Debug|Any CPU
		{4A8FDD65-F886-4982-A912-BC3184264E6F}.Debug|x86.Build.0 = Debug|Any CPU
		{4A8FDD65-F886-4982-A912-BC3184264E6F}.Release|Any CPU.ActiveCfg = Release|Any CPU
		{4A8FDD65-F886-4982-A912-BC3184264E6F}.Release|Any CPU.Build.0 = Release|Any CPU
		{4A8FDD65-F886-4982-A912-BC3184264E6F}.Release|x64.ActiveCfg = Release|Any CPU
		{4A8FDD65-F886-4982-A912-BC3184264E6F}.Release|x64.Build.0 = Release|Any CPU
		{4A8FDD65-F886-4982-A912-BC3184264E6F}.Release|x86.ActiveCfg = Release|Any CPU
		{4A8FDD65-F886-4982-A912-BC3184264E6F}.Release|x86.Build.0 = Release|Any CPU
		{60936766-C2F1-4669-B869-E85CE9889820}.Debug|Any CPU.ActiveCfg = Debug|Any CPU
		{60936766-C2F1-4669-B869-E85CE9889820}.Debug|Any CPU.Build.0 = Debug|Any CPU
		{60936766-C2F1-4669-B869-E85CE9889820}.Debug|x64.ActiveCfg = Debug|Any CPU
		{60936766-C2F1-4669-B869-E85CE9889820}.Debug|x64.Build.0 = Debug|Any CPU
		{60936766-C2F1-4669-B869-E85CE9889820}.Debug|x86.ActiveCfg = Debug|Any CPU
		{60936766-C2F1-4669-B869-E85CE9889820}.Debug|x86.Build.0 = Debug|Any CPU
		{60936766-C2F1-4669-B869-E85CE9889820}.Release|Any CPU.ActiveCfg = Release|Any CPU
		{60936766-C2F1-4669-B869-E85CE9889820}.Release|Any CPU.Build.0 = Release|Any CPU
		{60936766-C2F1-4669-B869-E85CE9889820}.Release|x64.ActiveCfg = Release|Any CPU
		{60936766-C2F1-4669-B869-E85CE9889820}.Release|x64.Build.0 = Release|Any CPU
		{60936766-C2F1-4669-B869-E85CE9889820}.Release|x86.ActiveCfg = Release|Any CPU
		{60936766-C2F1-4669-B869-E85CE9889820}.Release|x86.Build.0 = Release|Any CPU
	EndGlobalSection
	GlobalSection(NestedProjects) = preSolution
		{AE8D1363-EDF2-437D-8A2F-088530566305} = {19FFB416-0267-4848-849A-DFF2514FCF3B}
		{DD98C183-23F4-4D51-9039-35B952AF96E1} = {19FFB416-0267-4848-849A-DFF2514FCF3B}
		{AC75BF2C-2282-4BA8-8C79-D9C5BE5BE6C3} = {19FFB416-0267-4848-849A-DFF2514FCF3B}
		{0477020A-DF93-4E4D-B577-4C7A6A4C0DC3} = {19FFB416-0267-4848-849A-DFF2514FCF3B}
		{4A8FDD65-F886-4982-A912-BC3184264E6F} = {FFD6E649-B987-4145-946D-FE8C94026414}
		{60936766-C2F1-4669-B869-E85CE9889820} = {FFD6E649-B987-4145-946D-FE8C94026414}
	EndGlobalSection
EndGlobal
